// !$*UTF8*$!
{
	archiveVersion = 1;
	classes = {
	};
	objectVersion = 51;
	objects = {

/* Begin PBXBuildFile section */
		5B69DAD628BA51041E7E1A92 /* Pods_SokolMeteoConfig.framework in Frameworks */ = {isa = PBXBuildFile; fileRef = 0126A211C4DFEC03A27BB42F /* Pods_SokolMeteoConfig.framework */; };
		B520149924DC35B200478D08 /* Protocols.swift in Sources */ = {isa = PBXBuildFile; fileRef = B520149824DC35B200478D08 /* Protocols.swift */; };
		B528D590247BE2DA004244CA /* Common.swift in Sources */ = {isa = PBXBuildFile; fileRef = B528D58F247BE2DA004244CA /* Common.swift */; };
		B528D592247BE5D4004244CA /* StateCell.swift in Sources */ = {isa = PBXBuildFile; fileRef = B528D591247BE5D4004244CA /* StateCell.swift */; };
		B528D594247CE1D8004244CA /* MenuController.swift in Sources */ = {isa = PBXBuildFile; fileRef = B528D593247CE1D8004244CA /* MenuController.swift */; };
		B5304137248FAA3800032C7F /* BlackBoxController.swift in Sources */ = {isa = PBXBuildFile; fileRef = B5304136248FAA3800032C7F /* BlackBoxController.swift */; };
		B5311FB924C9B89800DC6C2B /* StretchyTableHeaderView.swift in Sources */ = {isa = PBXBuildFile; fileRef = B5311FB824C9B89800DC6C2B /* StretchyTableHeaderView.swift */; };
		B53B916724EBE92F00B388ED /* ModelBMVD.swift in Sources */ = {isa = PBXBuildFile; fileRef = B53B916624EBE92F00B388ED /* ModelBMVD.swift */; };
		B53B916924EC124300B388ED /* ConfiguratorBMVDSecondController.swift in Sources */ = {isa = PBXBuildFile; fileRef = B53B916824EC124300B388ED /* ConfiguratorBMVDSecondController.swift */; };
		B5438D7A242CD9A200FAB0C5 /* TableViewViewModelType.swift in Sources */ = {isa = PBXBuildFile; fileRef = B5438D79242CD9A200FAB0C5 /* TableViewViewModelType.swift */; };
		B5438D7C242CD9E300FAB0C5 /* TableViewCellViewModelType.swift in Sources */ = {isa = PBXBuildFile; fileRef = B5438D7B242CD9E300FAB0C5 /* TableViewCellViewModelType.swift */; };
		B5438D7E242CDB1000FAB0C5 /* TableViewCellViewModel.swift in Sources */ = {isa = PBXBuildFile; fileRef = B5438D7D242CDB1000FAB0C5 /* TableViewCellViewModel.swift */; };
		B5438D80242CDCFF00FAB0C5 /* TableViewCell.swift in Sources */ = {isa = PBXBuildFile; fileRef = B5438D7F242CDCFF00FAB0C5 /* TableViewCell.swift */; };
		B5438D82242DEB2500FAB0C5 /* DetailViewModelType.swift in Sources */ = {isa = PBXBuildFile; fileRef = B5438D81242DEB2500FAB0C5 /* DetailViewModelType.swift */; };
		B5438D84242DEB4600FAB0C5 /* DetailModelView.swift in Sources */ = {isa = PBXBuildFile; fileRef = B5438D83242DEB4600FAB0C5 /* DetailModelView.swift */; };
		B54C93C22486214B00D82E5C /* ViewModelMoreDevices.swift in Sources */ = {isa = PBXBuildFile; fileRef = B54C93C12486214B00D82E5C /* ViewModelMoreDevices.swift */; };
		B54C93C4248628BB00D82E5C /* Image+Color.swift in Sources */ = {isa = PBXBuildFile; fileRef = B54C93C3248628BB00D82E5C /* Image+Color.swift */; };
		B54E855C24DAA7440008AEEC /* Function.swift in Sources */ = {isa = PBXBuildFile; fileRef = B54E855B24DAA7440008AEEC /* Function.swift */; };
		B558882D24EBE272009E27A2 /* SecondConfigCell.swift in Sources */ = {isa = PBXBuildFile; fileRef = B558882C24EBE272009E27A2 /* SecondConfigCell.swift */; };
		B55982C124E167D6005C9FA9 /* ThriedMeteoData.swift in Sources */ = {isa = PBXBuildFile; fileRef = B55982C024E167D6005C9FA9 /* ThriedMeteoData.swift */; };
		B566FEC424D9858700F41A33 /* TextFieldCustom.swift in Sources */ = {isa = PBXBuildFile; fileRef = B566FEC324D9858700F41A33 /* TextFieldCustom.swift */; };
		B56BEB032431D00800C42F85 /* Commons.swift in Sources */ = {isa = PBXBuildFile; fileRef = B56BEB022431D00800C42F85 /* Commons.swift */; };
		B56BEB062431D0C100C42F85 /* ScreenSizeType.swift in Sources */ = {isa = PBXBuildFile; fileRef = B56BEB052431D0C100C42F85 /* ScreenSizeType.swift */; };
		B56BEB082431D10800C42F85 /* ViewModelApp.swift in Sources */ = {isa = PBXBuildFile; fileRef = B56BEB072431D10800C42F85 /* ViewModelApp.swift */; };
		B56BEB0B2431F8ED00C42F85 /* CustomNavigationView.swift in Sources */ = {isa = PBXBuildFile; fileRef = B56BEB0A2431F8ED00C42F85 /* CustomNavigationView.swift */; };
		B56BEB0D2432206500C42F85 /* ListAvailDevices.swift in Sources */ = {isa = PBXBuildFile; fileRef = B56BEB0C2432206500C42F85 /* ListAvailDevices.swift */; };
		B56FD9D7247BA79200DF0B41 /* StateController.swift in Sources */ = {isa = PBXBuildFile; fileRef = B56FD9D6247BA79200DF0B41 /* StateController.swift */; };
		B5778AA424E138F600DF163D /* DayRangeIndicatorView.swift in Sources */ = {isa = PBXBuildFile; fileRef = B5778AA324E138F600DF163D /* DayRangeIndicatorView.swift */; };
		B58217B1247FA6AD00C669CA /* error.json in Resources */ = {isa = PBXBuildFile; fileRef = B58217B0247FA6AD00C669CA /* error.json */; };
		B58217B3247FA6B500C669CA /* success.json in Resources */ = {isa = PBXBuildFile; fileRef = B58217B2247FA6B500C669CA /* success.json */; };
		B58217B5247FCC1800C669CA /* AnimationLottie.swift in Sources */ = {isa = PBXBuildFile; fileRef = B58217B4247FCC1800C669CA /* AnimationLottie.swift */; };
		B58217B7247FD5CE00C669CA /* CustomAlertWarning.xib in Resources */ = {isa = PBXBuildFile; fileRef = B58217B6247FD5CE00C669CA /* CustomAlertWarning.xib */; };
		B58217B9247FD76300C669CA /* CustomAlertWarning.swift in Sources */ = {isa = PBXBuildFile; fileRef = B58217B8247FD76300C669CA /* CustomAlertWarning.swift */; };
		B58217BB247FD7FC00C669CA /* AlertCreateWarning.swift in Sources */ = {isa = PBXBuildFile; fileRef = B58217BA247FD7FC00C669CA /* AlertCreateWarning.swift */; };
		B58492E5247BA99A00C902C7 /* MoreDevicesController.swift in Sources */ = {isa = PBXBuildFile; fileRef = B58492E4247BA99A00C902C7 /* MoreDevicesController.swift */; };
		B58492E8247BB03400C902C7 /* MeteoDataCell.swift in Sources */ = {isa = PBXBuildFile; fileRef = B58492E7247BB03400C902C7 /* MeteoDataCell.swift */; };
		B58492EB247BB08E00C902C7 /* ViewModelMeteoData.swift in Sources */ = {isa = PBXBuildFile; fileRef = B58492EA247BB08E00C902C7 /* ViewModelMeteoData.swift */; };
		B58492ED247BBD9900C902C7 /* ViewModelState.swift in Sources */ = {isa = PBXBuildFile; fileRef = B58492EC247BBD9900C902C7 /* ViewModelState.swift */; };
		B589CFB0242C876900B547DC /* AppDelegate.swift in Sources */ = {isa = PBXBuildFile; fileRef = B589CFAF242C876900B547DC /* AppDelegate.swift */; };
		B589CFB2242C876900B547DC /* SceneDelegate.swift in Sources */ = {isa = PBXBuildFile; fileRef = B589CFB1242C876900B547DC /* SceneDelegate.swift */; };
		B589CFB4242C876900B547DC /* StartViewController.swift in Sources */ = {isa = PBXBuildFile; fileRef = B589CFB3242C876900B547DC /* StartViewController.swift */; };
		B589CFB7242C876900B547DC /* StartView.storyboard in Resources */ = {isa = PBXBuildFile; fileRef = B589CFB5242C876900B547DC /* StartView.storyboard */; };
		B589CFBA242C876900B547DC /* SokolMeteoConfig.xcdatamodeld in Sources */ = {isa = PBXBuildFile; fileRef = B589CFB8242C876900B547DC /* SokolMeteoConfig.xcdatamodeld */; };
		B589CFBC242C876B00B547DC /* Assets.xcassets in Resources */ = {isa = PBXBuildFile; fileRef = B589CFBB242C876B00B547DC /* Assets.xcassets */; };
		B589CFBF242C876B00B547DC /* LaunchScreen.storyboard in Resources */ = {isa = PBXBuildFile; fileRef = B589CFBD242C876B00B547DC /* LaunchScreen.storyboard */; };
		B589CFD5242CBCE500B547DC /* Menu.swift in Sources */ = {isa = PBXBuildFile; fileRef = B589CFD4242CBCE500B547DC /* Menu.swift */; };
		B589CFD7242CBD8F00B547DC /* ViewModel.swift in Sources */ = {isa = PBXBuildFile; fileRef = B589CFD6242CBD8F00B547DC /* ViewModel.swift */; };
		B589CFDD242CCC2800B547DC /* ListOfAvailableMeteoController.swift in Sources */ = {isa = PBXBuildFile; fileRef = B589CFDC242CCC2800B547DC /* ListOfAvailableMeteoController.swift */; };
		B589CFDF242CCC8400B547DC /* Devices.swift in Sources */ = {isa = PBXBuildFile; fileRef = B589CFDE242CCC8400B547DC /* Devices.swift */; };
		B589CFE5242CCDBD00B547DC /* ConnectedMeteoController.swift in Sources */ = {isa = PBXBuildFile; fileRef = B589CFE4242CCDBD00B547DC /* ConnectedMeteoController.swift */; };
		B589CFE7242CCE0300B547DC /* ViewModelConnected.swift in Sources */ = {isa = PBXBuildFile; fileRef = B589CFE6242CCE0300B547DC /* ViewModelConnected.swift */; };
		B58E0EBF24C078600052D165 /* ButtonView.swift in Sources */ = {isa = PBXBuildFile; fileRef = B58E0EBE24C078600052D165 /* ButtonView.swift */; };
		B593A89D247E3C5C006D049F /* CustomAlert.xib in Resources */ = {isa = PBXBuildFile; fileRef = B593A89C247E3C5C006D049F /* CustomAlert.xib */; };
		B593A89F247E3CA9006D049F /* CustomAlert.swift in Sources */ = {isa = PBXBuildFile; fileRef = B593A89E247E3CA9006D049F /* CustomAlert.swift */; };
		B593A8A1247E3EC1006D049F /* AlertCreate.swift in Sources */ = {isa = PBXBuildFile; fileRef = B593A8A0247E3EC1006D049F /* AlertCreate.swift */; };
		B593A8A3247E3F02006D049F /* Nib.swift in Sources */ = {isa = PBXBuildFile; fileRef = B593A8A2247E3F02006D049F /* Nib.swift */; };
		B593A8A5247E3F1C006D049F /* Localize.swift in Sources */ = {isa = PBXBuildFile; fileRef = B593A8A4247E3F1C006D049F /* Localize.swift */; };
		B59BA4F624E1805500B9F15A /* RegisterSokolMeteoController.swift in Sources */ = {isa = PBXBuildFile; fileRef = B59BA4F524E1805500B9F15A /* RegisterSokolMeteoController.swift */; };
		B59BA4F824E1810D00B9F15A /* WKWebView.swift in Sources */ = {isa = PBXBuildFile; fileRef = B59BA4F724E1810D00B9F15A /* WKWebView.swift */; };
		B59C4EC024A4622500192D82 /* Potocols.swift in Sources */ = {isa = PBXBuildFile; fileRef = B59C4EBF24A4622500192D82 /* Potocols.swift */; };
		B5A0307C24DBE33E0092F12B /* PickersView.swift in Sources */ = {isa = PBXBuildFile; fileRef = B5A0307B24DBE33E0092F12B /* PickersView.swift */; };
		B5A0307E24DBF78B0092F12B /* Model.swift in Sources */ = {isa = PBXBuildFile; fileRef = B5A0307D24DBF78B0092F12B /* Model.swift */; };
		B5A6D974247BA0D900F9C1C8 /* TabBarController.swift in Sources */ = {isa = PBXBuildFile; fileRef = B5A6D973247BA0D900F9C1C8 /* TabBarController.swift */; };
		B5A82A98249875B300F7A335 /* TabBarConfiguratorController.swift in Sources */ = {isa = PBXBuildFile; fileRef = B5A82A97249875B300F7A335 /* TabBarConfiguratorController.swift */; };
		B5A82A9A2498760B00F7A335 /* ConfiguratorFirstController.swift in Sources */ = {isa = PBXBuildFile; fileRef = B5A82A992498760B00F7A335 /* ConfiguratorFirstController.swift */; };
		B5A82A9C2498761500F7A335 /* ConfiguratorSecondController.swift in Sources */ = {isa = PBXBuildFile; fileRef = B5A82A9B2498761500F7A335 /* ConfiguratorSecondController.swift */; };
		B5A82A9E2498762700F7A335 /* ConfiguratorThriedController.swift in Sources */ = {isa = PBXBuildFile; fileRef = B5A82A9D2498762700F7A335 /* ConfiguratorThriedController.swift */; };
		B5B54C5324E3D3F400788359 /* ViewModelData.swift in Sources */ = {isa = PBXBuildFile; fileRef = B5B54C5224E3D3F400788359 /* ViewModelData.swift */; };
		B5BA77CC24ED0CBA0046A2DD /* SecondConfigBMVDCell.swift in Sources */ = {isa = PBXBuildFile; fileRef = B5BA77CB24ED0CBA0046A2DD /* SecondConfigBMVDCell.swift */; };
		B5BA77CE24EE3AD50046A2DD /* BlackBoxMeteo.swift in Sources */ = {isa = PBXBuildFile; fileRef = B5BA77CD24EE3AD50046A2DD /* BlackBoxMeteo.swift */; };
		B5C0514624713B9B00F63357 /* ConnectedMeteoCell.swift in Sources */ = {isa = PBXBuildFile; fileRef = B5C0514524713B9B00F63357 /* ConnectedMeteoCell.swift */; };
		B5C05149247AA89300F63357 /* futura-pt-light.ttf in Resources */ = {isa = PBXBuildFile; fileRef = B5C05148247AA89300F63357 /* futura-pt-light.ttf */; };
		B5C0514B247AA89C00F63357 /* futura-pt-medium.ttf in Resources */ = {isa = PBXBuildFile; fileRef = B5C0514A247AA89C00F63357 /* futura-pt-medium.ttf */; };
		B5C0514E247AABA600F63357 /* PasswordController.swift in Sources */ = {isa = PBXBuildFile; fileRef = B5C0514D247AABA600F63357 /* PasswordController.swift */; };
		B5C05151247B98C000F63357 /* MeteoDataController.swift in Sources */ = {isa = PBXBuildFile; fileRef = B5C05150247B98C000F63357 /* MeteoDataController.swift */; };
		B5DB4CF72434778F0016A4BD /* Color+Hex.swift in Sources */ = {isa = PBXBuildFile; fileRef = B5DB4CF62434778F0016A4BD /* Color+Hex.swift */; };
		B5DB4CFB2434788D0016A4BD /* SeacrhBar+TextColor.swift in Sources */ = {isa = PBXBuildFile; fileRef = B5DB4CFA2434788D0016A4BD /* SeacrhBar+TextColor.swift */; };
		B5DB4CFD243479190016A4BD /* DevicesListCellMain.swift in Sources */ = {isa = PBXBuildFile; fileRef = B5DB4CFC243479190016A4BD /* DevicesListCellMain.swift */; };
		B5DB4CFF243479230016A4BD /* DevicesListCellHeder.swift in Sources */ = {isa = PBXBuildFile; fileRef = B5DB4CFE243479230016A4BD /* DevicesListCellHeder.swift */; };
		B5DB4D01243479320016A4BD /* DevicesListCell.swift in Sources */ = {isa = PBXBuildFile; fileRef = B5DB4D00243479320016A4BD /* DevicesListCell.swift */; };
		B5DB4D0324347B3D0016A4BD /* UIView+tap.swift in Sources */ = {isa = PBXBuildFile; fileRef = B5DB4D0224347B3D0016A4BD /* UIView+tap.swift */; };
		B5FE2DCF24E3D6BA009387AB /* DataCell.swift in Sources */ = {isa = PBXBuildFile; fileRef = B5FE2DCE24E3D6BA009387AB /* DataCell.swift */; };
/* End PBXBuildFile section */

/* Begin PBXFileReference section */
		0126A211C4DFEC03A27BB42F /* Pods_SokolMeteoConfig.framework */ = {isa = PBXFileReference; explicitFileType = wrapper.framework; includeInIndex = 0; path = Pods_SokolMeteoConfig.framework; sourceTree = BUILT_PRODUCTS_DIR; };
		65F29D8085CB9FF4D0562DE5 /* Pods-SokolMeteoConfig.release.xcconfig */ = {isa = PBXFileReference; includeInIndex = 1; lastKnownFileType = text.xcconfig; name = "Pods-SokolMeteoConfig.release.xcconfig"; path = "Target Support Files/Pods-SokolMeteoConfig/Pods-SokolMeteoConfig.release.xcconfig"; sourceTree = "<group>"; };
		8CC4EE35F922265E56FFAAAB /* Pods-SokolMeteoConfig.debug.xcconfig */ = {isa = PBXFileReference; includeInIndex = 1; lastKnownFileType = text.xcconfig; name = "Pods-SokolMeteoConfig.debug.xcconfig"; path = "Target Support Files/Pods-SokolMeteoConfig/Pods-SokolMeteoConfig.debug.xcconfig"; sourceTree = "<group>"; };
		B520149824DC35B200478D08 /* Protocols.swift */ = {isa = PBXFileReference; lastKnownFileType = sourcecode.swift; path = Protocols.swift; sourceTree = "<group>"; };
		B528D58F247BE2DA004244CA /* Common.swift */ = {isa = PBXFileReference; lastKnownFileType = sourcecode.swift; path = Common.swift; sourceTree = "<group>"; };
		B528D591247BE5D4004244CA /* StateCell.swift */ = {isa = PBXFileReference; lastKnownFileType = sourcecode.swift; path = StateCell.swift; sourceTree = "<group>"; };
		B528D593247CE1D8004244CA /* MenuController.swift */ = {isa = PBXFileReference; lastKnownFileType = sourcecode.swift; path = MenuController.swift; sourceTree = "<group>"; };
		B5304136248FAA3800032C7F /* BlackBoxController.swift */ = {isa = PBXFileReference; lastKnownFileType = sourcecode.swift; path = BlackBoxController.swift; sourceTree = "<group>"; };
		B5311FB824C9B89800DC6C2B /* StretchyTableHeaderView.swift */ = {isa = PBXFileReference; lastKnownFileType = sourcecode.swift; path = StretchyTableHeaderView.swift; sourceTree = "<group>"; };
		B53B916624EBE92F00B388ED /* ModelBMVD.swift */ = {isa = PBXFileReference; lastKnownFileType = sourcecode.swift; path = ModelBMVD.swift; sourceTree = "<group>"; };
		B53B916824EC124300B388ED /* ConfiguratorBMVDSecondController.swift */ = {isa = PBXFileReference; lastKnownFileType = sourcecode.swift; path = ConfiguratorBMVDSecondController.swift; sourceTree = "<group>"; };
		B5438D79242CD9A200FAB0C5 /* TableViewViewModelType.swift */ = {isa = PBXFileReference; lastKnownFileType = sourcecode.swift; path = TableViewViewModelType.swift; sourceTree = "<group>"; };
		B5438D7B242CD9E300FAB0C5 /* TableViewCellViewModelType.swift */ = {isa = PBXFileReference; lastKnownFileType = sourcecode.swift; path = TableViewCellViewModelType.swift; sourceTree = "<group>"; };
		B5438D7D242CDB1000FAB0C5 /* TableViewCellViewModel.swift */ = {isa = PBXFileReference; lastKnownFileType = sourcecode.swift; path = TableViewCellViewModel.swift; sourceTree = "<group>"; };
		B5438D7F242CDCFF00FAB0C5 /* TableViewCell.swift */ = {isa = PBXFileReference; lastKnownFileType = sourcecode.swift; path = TableViewCell.swift; sourceTree = "<group>"; };
		B5438D81242DEB2500FAB0C5 /* DetailViewModelType.swift */ = {isa = PBXFileReference; lastKnownFileType = sourcecode.swift; path = DetailViewModelType.swift; sourceTree = "<group>"; };
		B5438D83242DEB4600FAB0C5 /* DetailModelView.swift */ = {isa = PBXFileReference; lastKnownFileType = sourcecode.swift; path = DetailModelView.swift; sourceTree = "<group>"; };
		B54C93C12486214B00D82E5C /* ViewModelMoreDevices.swift */ = {isa = PBXFileReference; lastKnownFileType = sourcecode.swift; path = ViewModelMoreDevices.swift; sourceTree = "<group>"; };
		B54C93C3248628BB00D82E5C /* Image+Color.swift */ = {isa = PBXFileReference; lastKnownFileType = sourcecode.swift; path = "Image+Color.swift"; sourceTree = "<group>"; };
		B54E855B24DAA7440008AEEC /* Function.swift */ = {isa = PBXFileReference; lastKnownFileType = sourcecode.swift; path = Function.swift; sourceTree = "<group>"; };
		B558882C24EBE272009E27A2 /* SecondConfigCell.swift */ = {isa = PBXFileReference; lastKnownFileType = sourcecode.swift; path = SecondConfigCell.swift; sourceTree = "<group>"; };
		B55982C024E167D6005C9FA9 /* ThriedMeteoData.swift */ = {isa = PBXFileReference; lastKnownFileType = sourcecode.swift; name = ThriedMeteoData.swift; path = "../New Group/ThriedMeteoData.swift"; sourceTree = "<group>"; };
		B566FEC324D9858700F41A33 /* TextFieldCustom.swift */ = {isa = PBXFileReference; lastKnownFileType = sourcecode.swift; path = TextFieldCustom.swift; sourceTree = "<group>"; };
		B56BEB022431D00800C42F85 /* Commons.swift */ = {isa = PBXFileReference; lastKnownFileType = sourcecode.swift; path = Commons.swift; sourceTree = "<group>"; };
		B56BEB052431D0C100C42F85 /* ScreenSizeType.swift */ = {isa = PBXFileReference; lastKnownFileType = sourcecode.swift; path = ScreenSizeType.swift; sourceTree = "<group>"; };
		B56BEB072431D10800C42F85 /* ViewModelApp.swift */ = {isa = PBXFileReference; lastKnownFileType = sourcecode.swift; path = ViewModelApp.swift; sourceTree = "<group>"; };
		B56BEB0A2431F8ED00C42F85 /* CustomNavigationView.swift */ = {isa = PBXFileReference; lastKnownFileType = sourcecode.swift; path = CustomNavigationView.swift; sourceTree = "<group>"; };
		B56BEB0C2432206500C42F85 /* ListAvailDevices.swift */ = {isa = PBXFileReference; lastKnownFileType = sourcecode.swift; path = ListAvailDevices.swift; sourceTree = "<group>"; };
		B56FD9D6247BA79200DF0B41 /* StateController.swift */ = {isa = PBXFileReference; lastKnownFileType = sourcecode.swift; path = StateController.swift; sourceTree = "<group>"; };
		B5778AA324E138F600DF163D /* DayRangeIndicatorView.swift */ = {isa = PBXFileReference; lastKnownFileType = sourcecode.swift; path = DayRangeIndicatorView.swift; sourceTree = "<group>"; };
		B58217B0247FA6AD00C669CA /* error.json */ = {isa = PBXFileReference; fileEncoding = 4; lastKnownFileType = text.json; path = error.json; sourceTree = "<group>"; };
		B58217B2247FA6B500C669CA /* success.json */ = {isa = PBXFileReference; fileEncoding = 4; lastKnownFileType = text.json; path = success.json; sourceTree = "<group>"; };
		B58217B4247FCC1800C669CA /* AnimationLottie.swift */ = {isa = PBXFileReference; lastKnownFileType = sourcecode.swift; path = AnimationLottie.swift; sourceTree = "<group>"; };
		B58217B6247FD5CE00C669CA /* CustomAlertWarning.xib */ = {isa = PBXFileReference; lastKnownFileType = file.xib; path = CustomAlertWarning.xib; sourceTree = "<group>"; };
		B58217B8247FD76300C669CA /* CustomAlertWarning.swift */ = {isa = PBXFileReference; lastKnownFileType = sourcecode.swift; path = CustomAlertWarning.swift; sourceTree = "<group>"; };
		B58217BA247FD7FC00C669CA /* AlertCreateWarning.swift */ = {isa = PBXFileReference; lastKnownFileType = sourcecode.swift; path = AlertCreateWarning.swift; sourceTree = "<group>"; };
		B58492E4247BA99A00C902C7 /* MoreDevicesController.swift */ = {isa = PBXFileReference; lastKnownFileType = sourcecode.swift; path = MoreDevicesController.swift; sourceTree = "<group>"; };
		B58492E7247BB03400C902C7 /* MeteoDataCell.swift */ = {isa = PBXFileReference; lastKnownFileType = sourcecode.swift; path = MeteoDataCell.swift; sourceTree = "<group>"; };
		B58492EA247BB08E00C902C7 /* ViewModelMeteoData.swift */ = {isa = PBXFileReference; lastKnownFileType = sourcecode.swift; path = ViewModelMeteoData.swift; sourceTree = "<group>"; };
		B58492EC247BBD9900C902C7 /* ViewModelState.swift */ = {isa = PBXFileReference; lastKnownFileType = sourcecode.swift; path = ViewModelState.swift; sourceTree = "<group>"; };
		B589CFAC242C876900B547DC /* SokolMeteoConfig.app */ = {isa = PBXFileReference; explicitFileType = wrapper.application; includeInIndex = 0; path = SokolMeteoConfig.app; sourceTree = BUILT_PRODUCTS_DIR; };
		B589CFAF242C876900B547DC /* AppDelegate.swift */ = {isa = PBXFileReference; lastKnownFileType = sourcecode.swift; path = AppDelegate.swift; sourceTree = "<group>"; };
		B589CFB1242C876900B547DC /* SceneDelegate.swift */ = {isa = PBXFileReference; lastKnownFileType = sourcecode.swift; path = SceneDelegate.swift; sourceTree = "<group>"; };
		B589CFB3242C876900B547DC /* StartViewController.swift */ = {isa = PBXFileReference; lastKnownFileType = sourcecode.swift; path = StartViewController.swift; sourceTree = "<group>"; };
		B589CFB6242C876900B547DC /* Base */ = {isa = PBXFileReference; lastKnownFileType = file.storyboard; name = Base; path = Base.lproj/StartView.storyboard; sourceTree = "<group>"; };
		B589CFB9242C876900B547DC /* SokolMeteoConfig.xcdatamodel */ = {isa = PBXFileReference; lastKnownFileType = wrapper.xcdatamodel; path = SokolMeteoConfig.xcdatamodel; sourceTree = "<group>"; };
		B589CFBB242C876B00B547DC /* Assets.xcassets */ = {isa = PBXFileReference; lastKnownFileType = folder.assetcatalog; path = Assets.xcassets; sourceTree = "<group>"; };
		B589CFBE242C876B00B547DC /* Base */ = {isa = PBXFileReference; lastKnownFileType = file.storyboard; name = Base; path = Base.lproj/LaunchScreen.storyboard; sourceTree = "<group>"; };
		B589CFC0242C876B00B547DC /* Info.plist */ = {isa = PBXFileReference; lastKnownFileType = text.plist.xml; path = Info.plist; sourceTree = "<group>"; };
		B589CFD4242CBCE500B547DC /* Menu.swift */ = {isa = PBXFileReference; lastKnownFileType = sourcecode.swift; path = Menu.swift; sourceTree = "<group>"; };
		B589CFD6242CBD8F00B547DC /* ViewModel.swift */ = {isa = PBXFileReference; lastKnownFileType = sourcecode.swift; path = ViewModel.swift; sourceTree = "<group>"; };
		B589CFDC242CCC2800B547DC /* ListOfAvailableMeteoController.swift */ = {isa = PBXFileReference; lastKnownFileType = sourcecode.swift; path = ListOfAvailableMeteoController.swift; sourceTree = "<group>"; };
		B589CFDE242CCC8400B547DC /* Devices.swift */ = {isa = PBXFileReference; lastKnownFileType = sourcecode.swift; path = Devices.swift; sourceTree = "<group>"; };
		B589CFE4242CCDBD00B547DC /* ConnectedMeteoController.swift */ = {isa = PBXFileReference; lastKnownFileType = sourcecode.swift; path = ConnectedMeteoController.swift; sourceTree = "<group>"; };
		B589CFE6242CCE0300B547DC /* ViewModelConnected.swift */ = {isa = PBXFileReference; lastKnownFileType = sourcecode.swift; path = ViewModelConnected.swift; sourceTree = "<group>"; };
		B58E0EBE24C078600052D165 /* ButtonView.swift */ = {isa = PBXFileReference; lastKnownFileType = sourcecode.swift; path = ButtonView.swift; sourceTree = "<group>"; };
		B593A89C247E3C5C006D049F /* CustomAlert.xib */ = {isa = PBXFileReference; lastKnownFileType = file.xib; path = CustomAlert.xib; sourceTree = "<group>"; };
		B593A89E247E3CA9006D049F /* CustomAlert.swift */ = {isa = PBXFileReference; lastKnownFileType = sourcecode.swift; path = CustomAlert.swift; sourceTree = "<group>"; };
		B593A8A0247E3EC1006D049F /* AlertCreate.swift */ = {isa = PBXFileReference; lastKnownFileType = sourcecode.swift; path = AlertCreate.swift; sourceTree = "<group>"; };
		B593A8A2247E3F02006D049F /* Nib.swift */ = {isa = PBXFileReference; lastKnownFileType = sourcecode.swift; path = Nib.swift; sourceTree = "<group>"; };
		B593A8A4247E3F1C006D049F /* Localize.swift */ = {isa = PBXFileReference; lastKnownFileType = sourcecode.swift; path = Localize.swift; sourceTree = "<group>"; };
		B59BA4F524E1805500B9F15A /* RegisterSokolMeteoController.swift */ = {isa = PBXFileReference; lastKnownFileType = sourcecode.swift; path = RegisterSokolMeteoController.swift; sourceTree = "<group>"; };
		B59BA4F724E1810D00B9F15A /* WKWebView.swift */ = {isa = PBXFileReference; lastKnownFileType = sourcecode.swift; path = WKWebView.swift; sourceTree = "<group>"; };
		B59C4EBF24A4622500192D82 /* Potocols.swift */ = {isa = PBXFileReference; lastKnownFileType = sourcecode.swift; path = Potocols.swift; sourceTree = "<group>"; };
		B5A0307B24DBE33E0092F12B /* PickersView.swift */ = {isa = PBXFileReference; lastKnownFileType = sourcecode.swift; path = PickersView.swift; sourceTree = "<group>"; };
		B5A0307D24DBF78B0092F12B /* Model.swift */ = {isa = PBXFileReference; lastKnownFileType = sourcecode.swift; path = Model.swift; sourceTree = "<group>"; };
		B5A6D973247BA0D900F9C1C8 /* TabBarController.swift */ = {isa = PBXFileReference; lastKnownFileType = sourcecode.swift; path = TabBarController.swift; sourceTree = "<group>"; };
		B5A82A97249875B300F7A335 /* TabBarConfiguratorController.swift */ = {isa = PBXFileReference; lastKnownFileType = sourcecode.swift; path = TabBarConfiguratorController.swift; sourceTree = "<group>"; };
		B5A82A992498760B00F7A335 /* ConfiguratorFirstController.swift */ = {isa = PBXFileReference; lastKnownFileType = sourcecode.swift; path = ConfiguratorFirstController.swift; sourceTree = "<group>"; };
		B5A82A9B2498761500F7A335 /* ConfiguratorSecondController.swift */ = {isa = PBXFileReference; lastKnownFileType = sourcecode.swift; name = ConfiguratorSecondController.swift; path = ../ConfiguratorSecondController.swift; sourceTree = "<group>"; };
		B5A82A9D2498762700F7A335 /* ConfiguratorThriedController.swift */ = {isa = PBXFileReference; lastKnownFileType = sourcecode.swift; path = ConfiguratorThriedController.swift; sourceTree = "<group>"; };
		B5B54C5224E3D3F400788359 /* ViewModelData.swift */ = {isa = PBXFileReference; lastKnownFileType = sourcecode.swift; path = ViewModelData.swift; sourceTree = "<group>"; };
		B5BA77CB24ED0CBA0046A2DD /* SecondConfigBMVDCell.swift */ = {isa = PBXFileReference; lastKnownFileType = sourcecode.swift; path = SecondConfigBMVDCell.swift; sourceTree = "<group>"; };
		B5BA77CD24EE3AD50046A2DD /* BlackBoxMeteo.swift */ = {isa = PBXFileReference; lastKnownFileType = sourcecode.swift; path = BlackBoxMeteo.swift; sourceTree = "<group>"; };
		B5C0514524713B9B00F63357 /* ConnectedMeteoCell.swift */ = {isa = PBXFileReference; lastKnownFileType = sourcecode.swift; path = ConnectedMeteoCell.swift; sourceTree = "<group>"; };
		B5C05148247AA89300F63357 /* futura-pt-light.ttf */ = {isa = PBXFileReference; lastKnownFileType = file; path = "futura-pt-light.ttf"; sourceTree = "<group>"; };
		B5C0514A247AA89C00F63357 /* futura-pt-medium.ttf */ = {isa = PBXFileReference; lastKnownFileType = file; path = "futura-pt-medium.ttf"; sourceTree = "<group>"; };
		B5C0514D247AABA600F63357 /* PasswordController.swift */ = {isa = PBXFileReference; lastKnownFileType = sourcecode.swift; path = PasswordController.swift; sourceTree = "<group>"; };
		B5C05150247B98C000F63357 /* MeteoDataController.swift */ = {isa = PBXFileReference; lastKnownFileType = sourcecode.swift; path = MeteoDataController.swift; sourceTree = "<group>"; };
		B5DB4CF62434778F0016A4BD /* Color+Hex.swift */ = {isa = PBXFileReference; lastKnownFileType = sourcecode.swift; path = "Color+Hex.swift"; sourceTree = "<group>"; };
		B5DB4CFA2434788D0016A4BD /* SeacrhBar+TextColor.swift */ = {isa = PBXFileReference; lastKnownFileType = sourcecode.swift; path = "SeacrhBar+TextColor.swift"; sourceTree = "<group>"; };
		B5DB4CFC243479190016A4BD /* DevicesListCellMain.swift */ = {isa = PBXFileReference; lastKnownFileType = sourcecode.swift; path = DevicesListCellMain.swift; sourceTree = "<group>"; };
		B5DB4CFE243479230016A4BD /* DevicesListCellHeder.swift */ = {isa = PBXFileReference; lastKnownFileType = sourcecode.swift; path = DevicesListCellHeder.swift; sourceTree = "<group>"; };
		B5DB4D00243479320016A4BD /* DevicesListCell.swift */ = {isa = PBXFileReference; lastKnownFileType = sourcecode.swift; path = DevicesListCell.swift; sourceTree = "<group>"; };
		B5DB4D0224347B3D0016A4BD /* UIView+tap.swift */ = {isa = PBXFileReference; lastKnownFileType = sourcecode.swift; path = "UIView+tap.swift"; sourceTree = "<group>"; };
		B5FE2DCE24E3D6BA009387AB /* DataCell.swift */ = {isa = PBXFileReference; lastKnownFileType = sourcecode.swift; path = DataCell.swift; sourceTree = "<group>"; };
/* End PBXFileReference section */

/* Begin PBXFrameworksBuildPhase section */
		B589CFA9242C876900B547DC /* Frameworks */ = {
			isa = PBXFrameworksBuildPhase;
			buildActionMask = 2147483647;
			files = (
				5B69DAD628BA51041E7E1A92 /* Pods_SokolMeteoConfig.framework in Frameworks */,
			);
			runOnlyForDeploymentPostprocessing = 0;
		};
/* End PBXFrameworksBuildPhase section */

/* Begin PBXGroup section */
		90DA7136C70EB709C09AF406 /* Pods */ = {
			isa = PBXGroup;
			children = (
				8CC4EE35F922265E56FFAAAB /* Pods-SokolMeteoConfig.debug.xcconfig */,
				65F29D8085CB9FF4D0562DE5 /* Pods-SokolMeteoConfig.release.xcconfig */,
			);
			path = Pods;
			sourceTree = "<group>";
		};
		B528D58E247BE2C9004244CA /* Common */ = {
			isa = PBXGroup;
			children = (
				B528D58F247BE2DA004244CA /* Common.swift */,
			);
			path = Common;
			sourceTree = "<group>";
		};
		B530412F248FA9A700032C7F /* BlackBox */ = {
			isa = PBXGroup;
			children = (
				B5304135248FAA1000032C7F /* Model */,
				B5304134248FA9FF00032C7F /* ViewModel */,
				B5304133248FA9F400032C7F /* View */,
			);
			path = BlackBox;
			sourceTree = "<group>";
		};
		B5304132248FA9EB00032C7F /* View */ = {
			isa = PBXGroup;
			children = (
				B5A6D973247BA0D900F9C1C8 /* TabBarController.swift */,
				B5C05150247B98C000F63357 /* MeteoDataController.swift */,
				B5BA77CD24EE3AD50046A2DD /* BlackBoxMeteo.swift */,
				B5311FB824C9B89800DC6C2B /* StretchyTableHeaderView.swift */,
				B56FD9D6247BA79200DF0B41 /* StateController.swift */,
				B58492E4247BA99A00C902C7 /* MoreDevicesController.swift */,
				B58492E6247BB02B00C902C7 /* Cell */,
			);
			path = View;
			sourceTree = "<group>";
		};
		B5304133248FA9F400032C7F /* View */ = {
			isa = PBXGroup;
			children = (
				B5304136248FAA3800032C7F /* BlackBoxController.swift */,
				B5778AA324E138F600DF163D /* DayRangeIndicatorView.swift */,
			);
			name = View;
			path = ../Password/View;
			sourceTree = "<group>";
		};
		B5304134248FA9FF00032C7F /* ViewModel */ = {
			isa = PBXGroup;
			children = (
			);
			path = ViewModel;
			sourceTree = "<group>";
		};
		B5304135248FAA1000032C7F /* Model */ = {
			isa = PBXGroup;
			children = (
			);
			path = Model;
			sourceTree = "<group>";
		};
		B53B916524EBE91700B388ED /* Model */ = {
			isa = PBXGroup;
			children = (
				B53B916624EBE92F00B388ED /* ModelBMVD.swift */,
			);
			path = Model;
			sourceTree = "<group>";
		};
		B5438D78242CD98B00FAB0C5 /* Protocols */ = {
			isa = PBXGroup;
			children = (
				B5438D79242CD9A200FAB0C5 /* TableViewViewModelType.swift */,
				B5438D7B242CD9E300FAB0C5 /* TableViewCellViewModelType.swift */,
			);
			path = Protocols;
			sourceTree = "<group>";
		};
		B5438D85242E0BA900FAB0C5 /* Protocols */ = {
			isa = PBXGroup;
			children = (
				B5438D81242DEB2500FAB0C5 /* DetailViewModelType.swift */,
			);
			path = Protocols;
			sourceTree = "<group>";
		};
		B54E855A24DAA7050008AEEC /* FirstSettings */ = {
			isa = PBXGroup;
			children = (
				B558882824EBE0FC009E27A2 /* View */,
				B5A0307F24DBF78F0092F12B /* Model */,
			);
			path = FirstSettings;
			sourceTree = "<group>";
		};
		B558882824EBE0FC009E27A2 /* View */ = {
			isa = PBXGroup;
			children = (
				B5A82A992498760B00F7A335 /* ConfiguratorFirstController.swift */,
				B54E855B24DAA7440008AEEC /* Function.swift */,
				B5A0307B24DBE33E0092F12B /* PickersView.swift */,
			);
			path = View;
			sourceTree = "<group>";
		};
		B558882924EBE111009E27A2 /* SeccondSettings */ = {
			isa = PBXGroup;
			children = (
				B53B916524EBE91700B388ED /* Model */,
				B558882A24EBE15C009E27A2 /* View */,
			);
			path = SeccondSettings;
			sourceTree = "<group>";
		};
		B558882A24EBE15C009E27A2 /* View */ = {
			isa = PBXGroup;
			children = (
				B5A82A9B2498761500F7A335 /* ConfiguratorSecondController.swift */,
				B53B916824EC124300B388ED /* ConfiguratorBMVDSecondController.swift */,
				B558882B24EBE251009E27A2 /* Cell */,
			);
			path = View;
			sourceTree = "<group>";
		};
		B558882B24EBE251009E27A2 /* Cell */ = {
			isa = PBXGroup;
			children = (
				B558882C24EBE272009E27A2 /* SecondConfigCell.swift */,
				B5BA77CB24ED0CBA0046A2DD /* SecondConfigBMVDCell.swift */,
			);
			path = Cell;
			sourceTree = "<group>";
		};
		B558882E24EBE2DB009E27A2 /* Cell */ = {
			isa = PBXGroup;
			children = (
				B5438D7F242CDCFF00FAB0C5 /* TableViewCell.swift */,
			);
			path = Cell;
			sourceTree = "<group>";
		};
		B56BEB042431D09700C42F85 /* Protocols */ = {
			isa = PBXGroup;
			children = (
				B56BEB052431D0C100C42F85 /* ScreenSizeType.swift */,
			);
			path = Protocols;
			sourceTree = "<group>";
		};
		B56BEB092431F8CC00C42F85 /* CustomView */ = {
			isa = PBXGroup;
			children = (
				B56BEB0A2431F8ED00C42F85 /* CustomNavigationView.swift */,
				B593A89E247E3CA9006D049F /* CustomAlert.swift */,
				B58217B6247FD5CE00C669CA /* CustomAlertWarning.xib */,
				B58217B8247FD76300C669CA /* CustomAlertWarning.swift */,
				B593A89C247E3C5C006D049F /* CustomAlert.xib */,
				B566FEC324D9858700F41A33 /* TextFieldCustom.swift */,
			);
			path = CustomView;
			sourceTree = "<group>";
		};
		B58217AE247FA67A00C669CA /* Resourses */ = {
			isa = PBXGroup;
			children = (
				B58217AF247FA69100C669CA /* LottieJSON */,
				B589CFBB242C876B00B547DC /* Assets.xcassets */,
			);
			path = Resourses;
			sourceTree = "<group>";
		};
		B58217AF247FA69100C669CA /* LottieJSON */ = {
			isa = PBXGroup;
			children = (
				B58217B0247FA6AD00C669CA /* error.json */,
				B58217B2247FA6B500C669CA /* success.json */,
			);
			path = LottieJSON;
			sourceTree = "<group>";
		};
		B58492E6247BB02B00C902C7 /* Cell */ = {
			isa = PBXGroup;
			children = (
				B58492E7247BB03400C902C7 /* MeteoDataCell.swift */,
				B528D591247BE5D4004244CA /* StateCell.swift */,
			);
			path = Cell;
			sourceTree = "<group>";
		};
		B58492E9247BB07B00C902C7 /* ViewModel */ = {
			isa = PBXGroup;
			children = (
				B58492EA247BB08E00C902C7 /* ViewModelMeteoData.swift */,
				B58492EC247BBD9900C902C7 /* ViewModelState.swift */,
				B54C93C12486214B00D82E5C /* ViewModelMoreDevices.swift */,
			);
			path = ViewModel;
			sourceTree = "<group>";
		};
		B589CFA3242C876900B547DC = {
			isa = PBXGroup;
			children = (
				B589CFAE242C876900B547DC /* SokolMeteoConfig */,
				B589CFAD242C876900B547DC /* Products */,
				90DA7136C70EB709C09AF406 /* Pods */,
				DB9B5784B740B297DC09784F /* Frameworks */,
			);
			sourceTree = "<group>";
		};
		B589CFAD242C876900B547DC /* Products */ = {
			isa = PBXGroup;
			children = (
				B589CFAC242C876900B547DC /* SokolMeteoConfig.app */,
			);
			name = Products;
			sourceTree = "<group>";
		};
		B589CFAE242C876900B547DC /* SokolMeteoConfig */ = {
			isa = PBXGroup;
			children = (
				B5C05147247AA7BF00F63357 /* Font */,
				B5DB4CF52434777B0016A4BD /* Extensional */,
				B589CFC9242C895800B547DC /* Application */,
				B589CFCA242C898400B547DC /* Start */,
				B59BA4F324E1801E00B9F15A /* RegisterSokolMeteo */,
				B589CFD8242CCBB900B547DC /* ListOfAvailableMeteo */,
				B589CFE0242CCD6400B547DC /* ConnectedMeteo */,
				B5C0514F247B98A900F63357 /* OnlineData */,
				B59C4EBE24A4621100192D82 /* Protocols */,
				B530412F248FA9A700032C7F /* BlackBox */,
				B5A82A962498757F00F7A335 /* Configurator */,
				B5C0514C247AAB8200F63357 /* Password */,
				B56BEB092431F8CC00C42F85 /* CustomView */,
				B528D58E247BE2C9004244CA /* Common */,
				B58217AE247FA67A00C669CA /* Resourses */,
				B589CFCB242C899700B547DC /* Supporting files */,
			);
			path = SokolMeteoConfig;
			sourceTree = "<group>";
		};
		B589CFC6242C893F00B547DC /* View */ = {
			isa = PBXGroup;
			children = (
				B589CFBD242C876B00B547DC /* LaunchScreen.storyboard */,
				B589CFAF242C876900B547DC /* AppDelegate.swift */,
				B589CFB1242C876900B547DC /* SceneDelegate.swift */,
			);
			path = View;
			sourceTree = "<group>";
		};
		B589CFC7242C894900B547DC /* ViewModel */ = {
			isa = PBXGroup;
			children = (
				B56BEB072431D10800C42F85 /* ViewModelApp.swift */,
			);
			path = ViewModel;
			sourceTree = "<group>";
		};
		B589CFC8242C894F00B547DC /* Model */ = {
			isa = PBXGroup;
			children = (
				B56BEB022431D00800C42F85 /* Commons.swift */,
			);
			path = Model;
			sourceTree = "<group>";
		};
		B589CFC9242C895800B547DC /* Application */ = {
			isa = PBXGroup;
			children = (
				B589CFC8242C894F00B547DC /* Model */,
				B589CFC7242C894900B547DC /* ViewModel */,
				B589CFC6242C893F00B547DC /* View */,
				B56BEB042431D09700C42F85 /* Protocols */,
			);
			path = Application;
			sourceTree = "<group>";
		};
		B589CFCA242C898400B547DC /* Start */ = {
			isa = PBXGroup;
			children = (
				B589CFCE242C89D000B547DC /* Model */,
				B589CFCD242C89CB00B547DC /* ViewModel */,
				B589CFCC242C89C500B547DC /* View */,
				B5438D78242CD98B00FAB0C5 /* Protocols */,
			);
			path = Start;
			sourceTree = "<group>";
		};
		B589CFCB242C899700B547DC /* Supporting files */ = {
			isa = PBXGroup;
			children = (
				B589CFC0242C876B00B547DC /* Info.plist */,
				B589CFB8242C876900B547DC /* SokolMeteoConfig.xcdatamodeld */,
			);
			path = "Supporting files";
			sourceTree = "<group>";
		};
		B589CFCC242C89C500B547DC /* View */ = {
			isa = PBXGroup;
			children = (
				B589CFB5242C876900B547DC /* StartView.storyboard */,
				B589CFB3242C876900B547DC /* StartViewController.swift */,
				B528D593247CE1D8004244CA /* MenuController.swift */,
				B58E0EBE24C078600052D165 /* ButtonView.swift */,
				B558882E24EBE2DB009E27A2 /* Cell */,
			);
			path = View;
			sourceTree = "<group>";
		};
		B589CFCD242C89CB00B547DC /* ViewModel */ = {
			isa = PBXGroup;
			children = (
				B589CFD6242CBD8F00B547DC /* ViewModel.swift */,
				B5438D7D242CDB1000FAB0C5 /* TableViewCellViewModel.swift */,
			);
			path = ViewModel;
			sourceTree = "<group>";
		};
		B589CFCE242C89D000B547DC /* Model */ = {
			isa = PBXGroup;
			children = (
				B589CFD4242CBCE500B547DC /* Menu.swift */,
			);
			path = Model;
			sourceTree = "<group>";
		};
		B589CFD8242CCBB900B547DC /* ListOfAvailableMeteo */ = {
			isa = PBXGroup;
			children = (
				B589CFD9242CCBE200B547DC /* Model */,
				B589CFDB242CCBFA00B547DC /* ViewModel */,
				B589CFDA242CCBF300B547DC /* View */,
				B5438D85242E0BA900FAB0C5 /* Protocols */,
			);
			path = ListOfAvailableMeteo;
			sourceTree = "<group>";
		};
		B589CFD9242CCBE200B547DC /* Model */ = {
			isa = PBXGroup;
			children = (
				B589CFDE242CCC8400B547DC /* Devices.swift */,
			);
			path = Model;
			sourceTree = "<group>";
		};
		B589CFDA242CCBF300B547DC /* View */ = {
			isa = PBXGroup;
			children = (
				B589CFDC242CCC2800B547DC /* ListOfAvailableMeteoController.swift */,
				B56BEB0C2432206500C42F85 /* ListAvailDevices.swift */,
				B58217BA247FD7FC00C669CA /* AlertCreateWarning.swift */,
				B5DB4CF8243478120016A4BD /* Cell */,
			);
			path = View;
			sourceTree = "<group>";
		};
		B589CFDB242CCBFA00B547DC /* ViewModel */ = {
			isa = PBXGroup;
			children = (
				B5438D83242DEB4600FAB0C5 /* DetailModelView.swift */,
			);
			path = ViewModel;
			sourceTree = "<group>";
		};
		B589CFE0242CCD6400B547DC /* ConnectedMeteo */ = {
			isa = PBXGroup;
			children = (
				B589CFE1242CCD7700B547DC /* Model */,
				B589CFE2242CCD7E00B547DC /* ViewModel */,
				B589CFE3242CCD8600B547DC /* View */,
			);
			path = ConnectedMeteo;
			sourceTree = "<group>";
		};
		B589CFE1242CCD7700B547DC /* Model */ = {
			isa = PBXGroup;
			children = (
			);
			path = Model;
			sourceTree = "<group>";
		};
		B589CFE2242CCD7E00B547DC /* ViewModel */ = {
			isa = PBXGroup;
			children = (
				B589CFE6242CCE0300B547DC /* ViewModelConnected.swift */,
			);
			path = ViewModel;
			sourceTree = "<group>";
		};
		B589CFE3242CCD8600B547DC /* View */ = {
			isa = PBXGroup;
			children = (
				B589CFE4242CCDBD00B547DC /* ConnectedMeteoController.swift */,
				B593A8A0247E3EC1006D049F /* AlertCreate.swift */,
				B58217B4247FCC1800C669CA /* AnimationLottie.swift */,
				B5C0514424713B7B00F63357 /* Cell */,
			);
			path = View;
			sourceTree = "<group>";
		};
		B59BA4F324E1801E00B9F15A /* RegisterSokolMeteo */ = {
			isa = PBXGroup;
			children = (
				B59BA4F424E1804000B9F15A /* View */,
				B59BA4F924E1811200B9F15A /* Extension */,
			);
			path = RegisterSokolMeteo;
			sourceTree = "<group>";
		};
		B59BA4F424E1804000B9F15A /* View */ = {
			isa = PBXGroup;
			children = (
				B59BA4F524E1805500B9F15A /* RegisterSokolMeteoController.swift */,
			);
			path = View;
			sourceTree = "<group>";
		};
		B59BA4F924E1811200B9F15A /* Extension */ = {
			isa = PBXGroup;
			children = (
				B59BA4F724E1810D00B9F15A /* WKWebView.swift */,
			);
			path = Extension;
			sourceTree = "<group>";
		};
		B59C4EBE24A4621100192D82 /* Protocols */ = {
			isa = PBXGroup;
			children = (
				B59C4EBF24A4622500192D82 /* Potocols.swift */,
			);
			path = Protocols;
			sourceTree = "<group>";
		};
		B5A0307F24DBF78F0092F12B /* Model */ = {
			isa = PBXGroup;
			children = (
				B5A0307D24DBF78B0092F12B /* Model.swift */,
			);
			path = Model;
			sourceTree = "<group>";
		};
		B5A82A962498757F00F7A335 /* Configurator */ = {
			isa = PBXGroup;
			children = (
				B5A82A97249875B300F7A335 /* TabBarConfiguratorController.swift */,
				B54E855A24DAA7050008AEEC /* FirstSettings */,
				B558882924EBE111009E27A2 /* SeccondSettings */,
				B5B54C5124E3D3D900788359 /* ThriedSettings */,
				B520149824DC35B200478D08 /* Protocols.swift */,
			);
			path = Configurator;
			sourceTree = "<group>";
		};
		B5B54C5124E3D3D900788359 /* ThriedSettings */ = {
			isa = PBXGroup;
			children = (
				B5B54C5524E3D40000788359 /* View */,
				B5B54C5424E3D3F900788359 /* ViewModel */,
			);
			path = ThriedSettings;
			sourceTree = "<group>";
		};
		B5B54C5424E3D3F900788359 /* ViewModel */ = {
			isa = PBXGroup;
			children = (
				B5B54C5224E3D3F400788359 /* ViewModelData.swift */,
			);
			path = ViewModel;
			sourceTree = "<group>";
		};
		B5B54C5524E3D40000788359 /* View */ = {
			isa = PBXGroup;
			children = (
				B5A82A9D2498762700F7A335 /* ConfiguratorThriedController.swift */,
				B55982C024E167D6005C9FA9 /* ThriedMeteoData.swift */,
				B5FE2DCD24E3D6AD009387AB /* Cell */,
			);
			path = View;
			sourceTree = "<group>";
		};
		B5C0514424713B7B00F63357 /* Cell */ = {
			isa = PBXGroup;
			children = (
				B5C0514524713B9B00F63357 /* ConnectedMeteoCell.swift */,
			);
			path = Cell;
			sourceTree = "<group>";
		};
		B5C05147247AA7BF00F63357 /* Font */ = {
			isa = PBXGroup;
			children = (
				B5C05148247AA89300F63357 /* futura-pt-light.ttf */,
				B5C0514A247AA89C00F63357 /* futura-pt-medium.ttf */,
			);
			path = Font;
			sourceTree = "<group>";
		};
		B5C0514C247AAB8200F63357 /* Password */ = {
			isa = PBXGroup;
			children = (
				B5C0514D247AABA600F63357 /* PasswordController.swift */,
			);
			path = Password;
			sourceTree = "<group>";
		};
		B5C0514F247B98A900F63357 /* OnlineData */ = {
			isa = PBXGroup;
			children = (
				B5304132248FA9EB00032C7F /* View */,
				B58492E9247BB07B00C902C7 /* ViewModel */,
			);
			path = OnlineData;
			sourceTree = "<group>";
		};
		B5DB4CF52434777B0016A4BD /* Extensional */ = {
			isa = PBXGroup;
			children = (
				B5DB4CF62434778F0016A4BD /* Color+Hex.swift */,
				B5DB4CFA2434788D0016A4BD /* SeacrhBar+TextColor.swift */,
				B5DB4D0224347B3D0016A4BD /* UIView+tap.swift */,
				B593A8A2247E3F02006D049F /* Nib.swift */,
				B593A8A4247E3F1C006D049F /* Localize.swift */,
				B54C93C3248628BB00D82E5C /* Image+Color.swift */,
			);
			path = Extensional;
			sourceTree = "<group>";
		};
		B5DB4CF8243478120016A4BD /* Cell */ = {
			isa = PBXGroup;
			children = (
				B5DB4CFC243479190016A4BD /* DevicesListCellMain.swift */,
				B5DB4CFE243479230016A4BD /* DevicesListCellHeder.swift */,
				B5DB4D00243479320016A4BD /* DevicesListCell.swift */,
			);
			path = Cell;
			sourceTree = "<group>";
		};
		B5FE2DCD24E3D6AD009387AB /* Cell */ = {
			isa = PBXGroup;
			children = (
				B5FE2DCE24E3D6BA009387AB /* DataCell.swift */,
			);
			path = Cell;
			sourceTree = "<group>";
		};
		DB9B5784B740B297DC09784F /* Frameworks */ = {
			isa = PBXGroup;
			children = (
				0126A211C4DFEC03A27BB42F /* Pods_SokolMeteoConfig.framework */,
			);
			name = Frameworks;
			sourceTree = "<group>";
		};
/* End PBXGroup section */

/* Begin PBXNativeTarget section */
		B589CFAB242C876900B547DC /* SokolMeteoConfig */ = {
			isa = PBXNativeTarget;
			buildConfigurationList = B589CFC3242C876B00B547DC /* Build configuration list for PBXNativeTarget "SokolMeteoConfig" */;
			buildPhases = (
				B96688438C8609A167AB6BA4 /* [CP] Check Pods Manifest.lock */,
				B589CFA8242C876900B547DC /* Sources */,
				B589CFA9242C876900B547DC /* Frameworks */,
				B589CFAA242C876900B547DC /* Resources */,
				93AAF787D9BF87462EFB734D /* [CP] Embed Pods Frameworks */,
			);
			buildRules = (
			);
			dependencies = (
			);
			name = SokolMeteoConfig;
			productName = SokolMeteoConfig;
			productReference = B589CFAC242C876900B547DC /* SokolMeteoConfig.app */;
			productType = "com.apple.product-type.application";
		};
/* End PBXNativeTarget section */

/* Begin PBXProject section */
		B589CFA4242C876900B547DC /* Project object */ = {
			isa = PBXProject;
			attributes = {
				LastSwiftUpdateCheck = 1140;
				LastUpgradeCheck = 1140;
				ORGANIZATIONNAME = zverev;
				TargetAttributes = {
					B589CFAB242C876900B547DC = {
						CreatedOnToolsVersion = 11.4;
					};
				};
			};
			buildConfigurationList = B589CFA7242C876900B547DC /* Build configuration list for PBXProject "SokolMeteoConfig" */;
			compatibilityVersion = "Xcode 9.3";
			developmentRegion = en;
			hasScannedForEncodings = 0;
			knownRegions = (
				en,
				Base,
			);
			mainGroup = B589CFA3242C876900B547DC;
			productRefGroup = B589CFAD242C876900B547DC /* Products */;
			projectDirPath = "";
			projectRoot = "";
			targets = (
				B589CFAB242C876900B547DC /* SokolMeteoConfig */,
			);
		};
/* End PBXProject section */

/* Begin PBXResourcesBuildPhase section */
		B589CFAA242C876900B547DC /* Resources */ = {
			isa = PBXResourcesBuildPhase;
			buildActionMask = 2147483647;
			files = (
				B58217B7247FD5CE00C669CA /* CustomAlertWarning.xib in Resources */,
				B58217B1247FA6AD00C669CA /* error.json in Resources */,
				B5C05149247AA89300F63357 /* futura-pt-light.ttf in Resources */,
				B589CFBF242C876B00B547DC /* LaunchScreen.storyboard in Resources */,
				B5C0514B247AA89C00F63357 /* futura-pt-medium.ttf in Resources */,
				B593A89D247E3C5C006D049F /* CustomAlert.xib in Resources */,
				B58217B3247FA6B500C669CA /* success.json in Resources */,
				B589CFBC242C876B00B547DC /* Assets.xcassets in Resources */,
				B589CFB7242C876900B547DC /* StartView.storyboard in Resources */,
			);
			runOnlyForDeploymentPostprocessing = 0;
		};
/* End PBXResourcesBuildPhase section */

/* Begin PBXShellScriptBuildPhase section */
		93AAF787D9BF87462EFB734D /* [CP] Embed Pods Frameworks */ = {
			isa = PBXShellScriptBuildPhase;
			buildActionMask = 2147483647;
			files = (
			);
			inputFileListPaths = (
				"${PODS_ROOT}/Target Support Files/Pods-SokolMeteoConfig/Pods-SokolMeteoConfig-frameworks-${CONFIGURATION}-input-files.xcfilelist",
			);
			name = "[CP] Embed Pods Frameworks";
			outputFileListPaths = (
				"${PODS_ROOT}/Target Support Files/Pods-SokolMeteoConfig/Pods-SokolMeteoConfig-frameworks-${CONFIGURATION}-output-files.xcfilelist",
			);
			runOnlyForDeploymentPostprocessing = 0;
			shellPath = /bin/sh;
			shellScript = "\"${PODS_ROOT}/Target Support Files/Pods-SokolMeteoConfig/Pods-SokolMeteoConfig-frameworks.sh\"\n";
			showEnvVarsInLog = 0;
		};
		B96688438C8609A167AB6BA4 /* [CP] Check Pods Manifest.lock */ = {
			isa = PBXShellScriptBuildPhase;
			buildActionMask = 2147483647;
			files = (
			);
			inputFileListPaths = (
			);
			inputPaths = (
				"${PODS_PODFILE_DIR_PATH}/Podfile.lock",
				"${PODS_ROOT}/Manifest.lock",
			);
			name = "[CP] Check Pods Manifest.lock";
			outputFileListPaths = (
			);
			outputPaths = (
				"$(DERIVED_FILE_DIR)/Pods-SokolMeteoConfig-checkManifestLockResult.txt",
			);
			runOnlyForDeploymentPostprocessing = 0;
			shellPath = /bin/sh;
			shellScript = "diff \"${PODS_PODFILE_DIR_PATH}/Podfile.lock\" \"${PODS_ROOT}/Manifest.lock\" > /dev/null\nif [ $? != 0 ] ; then\n    # print error to STDERR\n    echo \"error: The sandbox is not in sync with the Podfile.lock. Run 'pod install' or update your CocoaPods installation.\" >&2\n    exit 1\nfi\n# This output is used by Xcode 'outputs' to avoid re-running this script phase.\necho \"SUCCESS\" > \"${SCRIPT_OUTPUT_FILE_0}\"\n";
			showEnvVarsInLog = 0;
		};
/* End PBXShellScriptBuildPhase section */

/* Begin PBXSourcesBuildPhase section */
		B589CFA8242C876900B547DC /* Sources */ = {
			isa = PBXSourcesBuildPhase;
			buildActionMask = 2147483647;
			files = (
				B589CFE7242CCE0300B547DC /* ViewModelConnected.swift in Sources */,
				B5438D7A242CD9A200FAB0C5 /* TableViewViewModelType.swift in Sources */,
				B589CFDD242CCC2800B547DC /* ListOfAvailableMeteoController.swift in Sources */,
				B5438D82242DEB2500FAB0C5 /* DetailViewModelType.swift in Sources */,
				B589CFB4242C876900B547DC /* StartViewController.swift in Sources */,
				B55982C124E167D6005C9FA9 /* ThriedMeteoData.swift in Sources */,
				B56BEB082431D10800C42F85 /* ViewModelApp.swift in Sources */,
				B54C93C22486214B00D82E5C /* ViewModelMoreDevices.swift in Sources */,
				B59BA4F624E1805500B9F15A /* RegisterSokolMeteoController.swift in Sources */,
				B5438D7C242CD9E300FAB0C5 /* TableViewCellViewModelType.swift in Sources */,
				B56FD9D7247BA79200DF0B41 /* StateController.swift in Sources */,
				B54C93C4248628BB00D82E5C /* Image+Color.swift in Sources */,
				B5311FB924C9B89800DC6C2B /* StretchyTableHeaderView.swift in Sources */,
				B58492E8247BB03400C902C7 /* MeteoDataCell.swift in Sources */,
				B58217B9247FD76300C669CA /* CustomAlertWarning.swift in Sources */,
				B5304137248FAA3800032C7F /* BlackBoxController.swift in Sources */,
				B5A82A9E2498762700F7A335 /* ConfiguratorThriedController.swift in Sources */,
				B5A0307E24DBF78B0092F12B /* Model.swift in Sources */,
				B56BEB0B2431F8ED00C42F85 /* CustomNavigationView.swift in Sources */,
				B5DB4CFD243479190016A4BD /* DevicesListCellMain.swift in Sources */,
				B593A8A5247E3F1C006D049F /* Localize.swift in Sources */,
				B58E0EBF24C078600052D165 /* ButtonView.swift in Sources */,
				B5438D80242CDCFF00FAB0C5 /* TableViewCell.swift in Sources */,
				B5DB4CF72434778F0016A4BD /* Color+Hex.swift in Sources */,
				B589CFBA242C876900B547DC /* SokolMeteoConfig.xcdatamodeld in Sources */,
				B53B916924EC124300B388ED /* ConfiguratorBMVDSecondController.swift in Sources */,
				B5C0514624713B9B00F63357 /* ConnectedMeteoCell.swift in Sources */,
				B589CFDF242CCC8400B547DC /* Devices.swift in Sources */,
				B589CFE5242CCDBD00B547DC /* ConnectedMeteoController.swift in Sources */,
				B5C0514E247AABA600F63357 /* PasswordController.swift in Sources */,
				B58492ED247BBD9900C902C7 /* ViewModelState.swift in Sources */,
				B5B54C5324E3D3F400788359 /* ViewModelData.swift in Sources */,
				B5438D7E242CDB1000FAB0C5 /* TableViewCellViewModel.swift in Sources */,
				B589CFB0242C876900B547DC /* AppDelegate.swift in Sources */,
				B5DB4D0324347B3D0016A4BD /* UIView+tap.swift in Sources */,
				B56BEB032431D00800C42F85 /* Commons.swift in Sources */,
				B5DB4D01243479320016A4BD /* DevicesListCell.swift in Sources */,
				B58492EB247BB08E00C902C7 /* ViewModelMeteoData.swift in Sources */,
				B5BA77CE24EE3AD50046A2DD /* BlackBoxMeteo.swift in Sources */,
				B58217BB247FD7FC00C669CA /* AlertCreateWarning.swift in Sources */,
				B589CFB2242C876900B547DC /* SceneDelegate.swift in Sources */,
				B53B916724EBE92F00B388ED /* ModelBMVD.swift in Sources */,
				B5C05151247B98C000F63357 /* MeteoDataController.swift in Sources */,
				B5778AA424E138F600DF163D /* DayRangeIndicatorView.swift in Sources */,
				B5FE2DCF24E3D6BA009387AB /* DataCell.swift in Sources */,
				B528D592247BE5D4004244CA /* StateCell.swift in Sources */,
				B558882D24EBE272009E27A2 /* SecondConfigCell.swift in Sources */,
				B5DB4CFB2434788D0016A4BD /* SeacrhBar+TextColor.swift in Sources */,
				B58492E5247BA99A00C902C7 /* MoreDevicesController.swift in Sources */,
				B5DB4CFF243479230016A4BD /* DevicesListCellHeder.swift in Sources */,
				B56BEB0D2432206500C42F85 /* ListAvailDevices.swift in Sources */,
				B589CFD7242CBD8F00B547DC /* ViewModel.swift in Sources */,
				B589CFD5242CBCE500B547DC /* Menu.swift in Sources */,
				B528D590247BE2DA004244CA /* Common.swift in Sources */,
				B520149924DC35B200478D08 /* Protocols.swift in Sources */,
				B5A0307C24DBE33E0092F12B /* PickersView.swift in Sources */,
				B56BEB062431D0C100C42F85 /* ScreenSizeType.swift in Sources */,
				B59C4EC024A4622500192D82 /* Potocols.swift in Sources */,
				B58217B5247FCC1800C669CA /* AnimationLottie.swift in Sources */,
				B5438D84242DEB4600FAB0C5 /* DetailModelView.swift in Sources */,
				B5A82A9C2498761500F7A335 /* ConfiguratorSecondController.swift in Sources */,
				B54E855C24DAA7440008AEEC /* Function.swift in Sources */,
				B593A8A3247E3F02006D049F /* Nib.swift in Sources */,
				B5BA77CC24ED0CBA0046A2DD /* SecondConfigBMVDCell.swift in Sources */,
				B593A8A1247E3EC1006D049F /* AlertCreate.swift in Sources */,
				B528D594247CE1D8004244CA /* MenuController.swift in Sources */,
				B5A82A9A2498760B00F7A335 /* ConfiguratorFirstController.swift in Sources */,
				B59BA4F824E1810D00B9F15A /* WKWebView.swift in Sources */,
				B5A6D974247BA0D900F9C1C8 /* TabBarController.swift in Sources */,
				B5A82A98249875B300F7A335 /* TabBarConfiguratorController.swift in Sources */,
				B566FEC424D9858700F41A33 /* TextFieldCustom.swift in Sources */,
				B593A89F247E3CA9006D049F /* CustomAlert.swift in Sources */,
			);
			runOnlyForDeploymentPostprocessing = 0;
		};
/* End PBXSourcesBuildPhase section */

/* Begin PBXVariantGroup section */
		B589CFB5242C876900B547DC /* StartView.storyboard */ = {
			isa = PBXVariantGroup;
			children = (
				B589CFB6242C876900B547DC /* Base */,
			);
			name = StartView.storyboard;
			sourceTree = "<group>";
		};
		B589CFBD242C876B00B547DC /* LaunchScreen.storyboard */ = {
			isa = PBXVariantGroup;
			children = (
				B589CFBE242C876B00B547DC /* Base */,
			);
			name = LaunchScreen.storyboard;
			sourceTree = "<group>";
		};
/* End PBXVariantGroup section */

/* Begin XCBuildConfiguration section */
		B589CFC1242C876B00B547DC /* Debug */ = {
			isa = XCBuildConfiguration;
			buildSettings = {
				ALWAYS_SEARCH_USER_PATHS = NO;
				CLANG_ANALYZER_NONNULL = YES;
				CLANG_ANALYZER_NUMBER_OBJECT_CONVERSION = YES_AGGRESSIVE;
				CLANG_CXX_LANGUAGE_STANDARD = "gnu++14";
				CLANG_CXX_LIBRARY = "libc++";
				CLANG_ENABLE_MODULES = YES;
				CLANG_ENABLE_OBJC_ARC = YES;
				CLANG_ENABLE_OBJC_WEAK = YES;
				CLANG_WARN_BLOCK_CAPTURE_AUTORELEASING = YES;
				CLANG_WARN_BOOL_CONVERSION = YES;
				CLANG_WARN_COMMA = YES;
				CLANG_WARN_CONSTANT_CONVERSION = YES;
				CLANG_WARN_DEPRECATED_OBJC_IMPLEMENTATIONS = YES;
				CLANG_WARN_DIRECT_OBJC_ISA_USAGE = YES_ERROR;
				CLANG_WARN_DOCUMENTATION_COMMENTS = YES;
				CLANG_WARN_EMPTY_BODY = YES;
				CLANG_WARN_ENUM_CONVERSION = YES;
				CLANG_WARN_INFINITE_RECURSION = YES;
				CLANG_WARN_INT_CONVERSION = YES;
				CLANG_WARN_NON_LITERAL_NULL_CONVERSION = YES;
				CLANG_WARN_OBJC_IMPLICIT_RETAIN_SELF = YES;
				CLANG_WARN_OBJC_LITERAL_CONVERSION = YES;
				CLANG_WARN_OBJC_ROOT_CLASS = YES_ERROR;
				CLANG_WARN_RANGE_LOOP_ANALYSIS = YES;
				CLANG_WARN_STRICT_PROTOTYPES = YES;
				CLANG_WARN_SUSPICIOUS_MOVE = YES;
				CLANG_WARN_UNGUARDED_AVAILABILITY = YES_AGGRESSIVE;
				CLANG_WARN_UNREACHABLE_CODE = YES;
				CLANG_WARN__DUPLICATE_METHOD_MATCH = YES;
				COPY_PHASE_STRIP = NO;
				DEBUG_INFORMATION_FORMAT = dwarf;
				ENABLE_STRICT_OBJC_MSGSEND = YES;
				ENABLE_TESTABILITY = YES;
				GCC_C_LANGUAGE_STANDARD = gnu11;
				GCC_DYNAMIC_NO_PIC = NO;
				GCC_NO_COMMON_BLOCKS = YES;
				GCC_OPTIMIZATION_LEVEL = 0;
				GCC_PREPROCESSOR_DEFINITIONS = (
					"DEBUG=1",
					"$(inherited)",
				);
				GCC_WARN_64_TO_32_BIT_CONVERSION = YES;
				GCC_WARN_ABOUT_RETURN_TYPE = YES_ERROR;
				GCC_WARN_UNDECLARED_SELECTOR = YES;
				GCC_WARN_UNINITIALIZED_AUTOS = YES_AGGRESSIVE;
				GCC_WARN_UNUSED_FUNCTION = YES;
				GCC_WARN_UNUSED_VARIABLE = YES;
				IPHONEOS_DEPLOYMENT_TARGET = 12.0;
				MTL_ENABLE_DEBUG_INFO = INCLUDE_SOURCE;
				MTL_FAST_MATH = YES;
				ONLY_ACTIVE_ARCH = YES;
				SDKROOT = iphoneos;
				SWIFT_ACTIVE_COMPILATION_CONDITIONS = DEBUG;
				SWIFT_OPTIMIZATION_LEVEL = "-Onone";
			};
			name = Debug;
		};
		B589CFC2242C876B00B547DC /* Release */ = {
			isa = XCBuildConfiguration;
			buildSettings = {
				ALWAYS_SEARCH_USER_PATHS = NO;
				CLANG_ANALYZER_NONNULL = YES;
				CLANG_ANALYZER_NUMBER_OBJECT_CONVERSION = YES_AGGRESSIVE;
				CLANG_CXX_LANGUAGE_STANDARD = "gnu++14";
				CLANG_CXX_LIBRARY = "libc++";
				CLANG_ENABLE_MODULES = YES;
				CLANG_ENABLE_OBJC_ARC = YES;
				CLANG_ENABLE_OBJC_WEAK = YES;
				CLANG_WARN_BLOCK_CAPTURE_AUTORELEASING = YES;
				CLANG_WARN_BOOL_CONVERSION = YES;
				CLANG_WARN_COMMA = YES;
				CLANG_WARN_CONSTANT_CONVERSION = YES;
				CLANG_WARN_DEPRECATED_OBJC_IMPLEMENTATIONS = YES;
				CLANG_WARN_DIRECT_OBJC_ISA_USAGE = YES_ERROR;
				CLANG_WARN_DOCUMENTATION_COMMENTS = YES;
				CLANG_WARN_EMPTY_BODY = YES;
				CLANG_WARN_ENUM_CONVERSION = YES;
				CLANG_WARN_INFINITE_RECURSION = YES;
				CLANG_WARN_INT_CONVERSION = YES;
				CLANG_WARN_NON_LITERAL_NULL_CONVERSION = YES;
				CLANG_WARN_OBJC_IMPLICIT_RETAIN_SELF = YES;
				CLANG_WARN_OBJC_LITERAL_CONVERSION = YES;
				CLANG_WARN_OBJC_ROOT_CLASS = YES_ERROR;
				CLANG_WARN_RANGE_LOOP_ANALYSIS = YES;
				CLANG_WARN_STRICT_PROTOTYPES = YES;
				CLANG_WARN_SUSPICIOUS_MOVE = YES;
				CLANG_WARN_UNGUARDED_AVAILABILITY = YES_AGGRESSIVE;
				CLANG_WARN_UNREACHABLE_CODE = YES;
				CLANG_WARN__DUPLICATE_METHOD_MATCH = YES;
				COPY_PHASE_STRIP = NO;
				DEBUG_INFORMATION_FORMAT = "dwarf-with-dsym";
				ENABLE_NS_ASSERTIONS = NO;
				ENABLE_STRICT_OBJC_MSGSEND = YES;
				GCC_C_LANGUAGE_STANDARD = gnu11;
				GCC_NO_COMMON_BLOCKS = YES;
				GCC_WARN_64_TO_32_BIT_CONVERSION = YES;
				GCC_WARN_ABOUT_RETURN_TYPE = YES_ERROR;
				GCC_WARN_UNDECLARED_SELECTOR = YES;
				GCC_WARN_UNINITIALIZED_AUTOS = YES_AGGRESSIVE;
				GCC_WARN_UNUSED_FUNCTION = YES;
				GCC_WARN_UNUSED_VARIABLE = YES;
				IPHONEOS_DEPLOYMENT_TARGET = 12.0;
				MTL_ENABLE_DEBUG_INFO = NO;
				MTL_FAST_MATH = YES;
				SDKROOT = iphoneos;
				SWIFT_COMPILATION_MODE = wholemodule;
				SWIFT_OPTIMIZATION_LEVEL = "-O";
				VALIDATE_PRODUCT = YES;
			};
			name = Release;
		};
		B589CFC4242C876B00B547DC /* Debug */ = {
			isa = XCBuildConfiguration;
			baseConfigurationReference = 8CC4EE35F922265E56FFAAAB /* Pods-SokolMeteoConfig.debug.xcconfig */;
			buildSettings = {
				ASSETCATALOG_COMPILER_APPICON_NAME = AppIcon;
				CODE_SIGN_STYLE = Automatic;
				CURRENT_PROJECT_VERSION = 1;
				DEVELOPMENT_TEAM = 49436C2U7G;
				INFOPLIST_FILE = "SokolMeteoConfig/Supporting files/Info.plist";
				IPHONEOS_DEPLOYMENT_TARGET = 12.0;
				LD_RUNPATH_SEARCH_PATHS = (
					"$(inherited)",
					"@executable_path/Frameworks",
				);
				MARKETING_VERSION = 1.0;
				PRODUCT_BUNDLE_IDENTIFIER = com.SokolMeteoConfig21;
				PRODUCT_NAME = "$(TARGET_NAME)";
				SWIFT_VERSION = 5.0;
				TARGETED_DEVICE_FAMILY = 1;
			};
			name = Debug;
		};
		B589CFC5242C876B00B547DC /* Release */ = {
			isa = XCBuildConfiguration;
			baseConfigurationReference = 65F29D8085CB9FF4D0562DE5 /* Pods-SokolMeteoConfig.release.xcconfig */;
			buildSettings = {
				ASSETCATALOG_COMPILER_APPICON_NAME = AppIcon;
				CODE_SIGN_STYLE = Automatic;
				CURRENT_PROJECT_VERSION = 1;
				DEVELOPMENT_TEAM = 49436C2U7G;
				INFOPLIST_FILE = "SokolMeteoConfig/Supporting files/Info.plist";
				IPHONEOS_DEPLOYMENT_TARGET = 12.0;
				LD_RUNPATH_SEARCH_PATHS = (
					"$(inherited)",
					"@executable_path/Frameworks",
				);
				MARKETING_VERSION = 1.0;
				PRODUCT_BUNDLE_IDENTIFIER = com.SokolMeteoConfig21;
				PRODUCT_NAME = "$(TARGET_NAME)";
				SWIFT_VERSION = 5.0;
				TARGETED_DEVICE_FAMILY = 1;
			};
			name = Release;
		};
/* End XCBuildConfiguration section */

/* Begin XCConfigurationList section */
		B589CFA7242C876900B547DC /* Build configuration list for PBXProject "SokolMeteoConfig" */ = {
			isa = XCConfigurationList;
			buildConfigurations = (
				B589CFC1242C876B00B547DC /* Debug */,
				B589CFC2242C876B00B547DC /* Release */,
			);
			defaultConfigurationIsVisible = 0;
			defaultConfigurationName = Release;
		};
		B589CFC3242C876B00B547DC /* Build configuration list for PBXNativeTarget "SokolMeteoConfig" */ = {
			isa = XCConfigurationList;
			buildConfigurations = (
				B589CFC4242C876B00B547DC /* Debug */,
				B589CFC5242C876B00B547DC /* Release */,
			);
			defaultConfigurationIsVisible = 0;
			defaultConfigurationName = Release;
		};
/* End XCConfigurationList section */

/* Begin XCVersionGroup section */
		B589CFB8242C876900B547DC /* SokolMeteoConfig.xcdatamodeld */ = {
			isa = XCVersionGroup;
			children = (
				B589CFB9242C876900B547DC /* SokolMeteoConfig.xcdatamodel */,
			);
			currentVersion = B589CFB9242C876900B547DC /* SokolMeteoConfig.xcdatamodel */;
			path = SokolMeteoConfig.xcdatamodeld;
			sourceTree = "<group>";
			versionGroupType = wrapper.xcdatamodel;
		};
/* End XCVersionGroup section */
	};
	rootObject = B589CFA4242C876900B547DC /* Project object */;
}
